
Microsoft Visual Studio Solution File, Format Version 12.00
# Visual Studio Version 17
VisualStudioVersion = 17.4.33213.308
MinimumVisualStudioVersion = 10.0.40219.1
Project("{9A19103F-16F7-4668-BE54-9A1E7A4F7556}") = "IndustrialMachineparkAzure", "IndustrialMachineparkAzure\IndustrialMachineparkAzure.csproj", "{51E48201-A2F2-48CC-9E77-0C2531CAF9D3}"
	ProjectSection(ProjectDependencies) = postProject
		{8182EF16-8538-40EA-A4A5-E4C04B4CB026} = {8182EF16-8538-40EA-A4A5-E4C04B4CB026}
	EndProjectSection
EndProject
Project("{9A19103F-16F7-4668-BE54-9A1E7A4F7556}") = "IndustrialMachineparkAzure.Shared", "IndustrialMachineparkAzure.Shared\IndustrialMachineparkAzure.Shared.csproj", "{8182EF16-8538-40EA-A4A5-E4C04B4CB026}"
EndProject
Global
	GlobalSection(SolutionConfigurationPlatforms) = preSolution
		Debug|Any CPU = Debug|Any CPU
		Release|Any CPU = Release|Any CPU
	EndGlobalSection
	GlobalSection(ProjectConfigurationPlatforms) = postSolution
		{51E48201-A2F2-48CC-9E77-0C2531CAF9D3}.Debug|Any CPU.ActiveCfg = Debug|Any CPU
		{51E48201-A2F2-48CC-9E77-0C2531CAF9D3}.Debug|Any CPU.Build.0 = Debug|Any CPU
		{51E48201-A2F2-48CC-9E77-0C2531CAF9D3}.Release|Any CPU.ActiveCfg = Release|Any CPU
		{51E48201-A2F2-48CC-9E77-0C2531CAF9D3}.Release|Any CPU.Build.0 = Release|Any CPU
		{8182EF16-8538-40EA-A4A5-E4C04B4CB026}.Debug|Any CPU.ActiveCfg = Debug|Any CPU
		{8182EF16-8538-40EA-A4A5-E4C04B4CB026}.Debug|Any CPU.Build.0 = Debug|Any CPU
		{8182EF16-8538-40EA-A4A5-E4C04B4CB026}.Release|Any CPU.ActiveCfg = Release|Any CPU
		{8182EF16-8538-40EA-A4A5-E4C04B4CB026}.Release|Any CPU.Build.0 = Release|Any CPU
	EndGlobalSection
	GlobalSection(SolutionProperties) = preSolution
		HideSolutionNode = FALSE
	EndGlobalSection
	GlobalSection(ExtensibilityGlobals) = postSolution
		SolutionGuid = {8B05C877-B159-46F4-8C4E-2BF218187CE2}
	EndGlobalSection
EndGlobal
